// !$*UTF8*$!
{
	archiveVersion = 1;
	classes = {
	};
	objectVersion = 56;
	objects = {

/* Begin PBXBuildFile section */
		9CC394882C2E93E300B6E0E1 /* AppDelegate.swift in Sources */ = {isa = PBXBuildFile; fileRef = 9CC394872C2E93E300B6E0E1 /* AppDelegate.swift */; };
		9CC3948A2C2E93E300B6E0E1 /* SceneDelegate.swift in Sources */ = {isa = PBXBuildFile; fileRef = 9CC394892C2E93E300B6E0E1 /* SceneDelegate.swift */; };
		9CC3948C2C2E93E300B6E0E1 /* ViewController.swift in Sources */ = {isa = PBXBuildFile; fileRef = 9CC3948B2C2E93E300B6E0E1 /* ViewController.swift */; };
		9CC3948F2C2E93E300B6E0E1 /* Main.storyboard in Resources */ = {isa = PBXBuildFile; fileRef = 9CC3948D2C2E93E300B6E0E1 /* Main.storyboard */; };
		9CC394912C2E93E500B6E0E1 /* Assets.xcassets in Resources */ = {isa = PBXBuildFile; fileRef = 9CC394902C2E93E500B6E0E1 /* Assets.xcassets */; };
		9CC394942C2E93E500B6E0E1 /* LaunchScreen.storyboard in Resources */ = {isa = PBXBuildFile; fileRef = 9CC394922C2E93E500B6E0E1 /* LaunchScreen.storyboard */; };
		9CC3949C2C2E94CF00B6E0E1 /* GoogleService-Info.plist in Resources */ = {isa = PBXBuildFile; fileRef = 9CC3949B2C2E94CF00B6E0E1 /* GoogleService-Info.plist */; };
		DEA5626B8B15B5C6AF3A54C6 /* Pods_SampleFireBasePrjct.framework in Frameworks */ = {isa = PBXBuildFile; fileRef = C4086822E30443EDD90C2692 /* Pods_SampleFireBasePrjct.framework */; };
/* End PBXBuildFile section */

/* Begin PBXFileReference section */
		656ED2080DC1E77C1BAFCA91 /* Pods-SampleFireBasePrjct.debug.xcconfig */ = {isa = PBXFileReference; includeInIndex = 1; lastKnownFileType = text.xcconfig; name = "Pods-SampleFireBasePrjct.debug.xcconfig"; path = "Target Support Files/Pods-SampleFireBasePrjct/Pods-SampleFireBasePrjct.debug.xcconfig"; sourceTree = "<group>"; };
		7B4767B574ADF5A3CF89BA1F /* Pods-SampleFireBasePrjct.release.xcconfig */ = {isa = PBXFileReference; includeInIndex = 1; lastKnownFileType = text.xcconfig; name = "Pods-SampleFireBasePrjct.release.xcconfig"; path = "Target Support Files/Pods-SampleFireBasePrjct/Pods-SampleFireBasePrjct.release.xcconfig"; sourceTree = "<group>"; };
		9CC394842C2E93E300B6E0E1 /* SampleFireBasePrjct.app */ = {isa = PBXFileReference; explicitFileType = wrapper.application; includeInIndex = 0; path = SampleFireBasePrjct.app; sourceTree = BUILT_PRODUCTS_DIR; };
		9CC394872C2E93E300B6E0E1 /* AppDelegate.swift */ = {isa = PBXFileReference; lastKnownFileType = sourcecode.swift; path = AppDelegate.swift; sourceTree = "<group>"; };
		9CC394892C2E93E300B6E0E1 /* SceneDelegate.swift */ = {isa = PBXFileReference; lastKnownFileType = sourcecode.swift; path = SceneDelegate.swift; sourceTree = "<group>"; };
		9CC3948B2C2E93E300B6E0E1 /* ViewController.swift */ = {isa = PBXFileReference; lastKnownFileType = sourcecode.swift; path = ViewController.swift; sourceTree = "<group>"; };
		9CC3948E2C2E93E300B6E0E1 /* Base */ = {isa = PBXFileReference; lastKnownFileType = file.storyboard; name = Base; path = Base.lproj/Main.storyboard; sourceTree = "<group>"; };
		9CC394902C2E93E500B6E0E1 /* Assets.xcassets */ = {isa = PBXFileReference; lastKnownFileType = folder.assetcatalog; path = Assets.xcassets; sourceTree = "<group>"; };
		9CC394932C2E93E500B6E0E1 /* Base */ = {isa = PBXFileReference; lastKnownFileType = file.storyboard; name = Base; path = Base.lproj/LaunchScreen.storyboard; sourceTree = "<group>"; };
		9CC394952C2E93E500B6E0E1 /* Info.plist */ = {isa = PBXFileReference; lastKnownFileType = text.plist.xml; path = Info.plist; sourceTree = "<group>"; };
		9CC3949B2C2E94CF00B6E0E1 /* GoogleService-Info.plist */ = {isa = PBXFileReference; fileEncoding = 4; lastKnownFileType = text.plist.xml; path = "GoogleService-Info.plist"; sourceTree = "<group>"; };
		C4086822E30443EDD90C2692 /* Pods_SampleFireBasePrjct.framework */ = {isa = PBXFileReference; explicitFileType = wrapper.framework; includeInIndex = 0; path = Pods_SampleFireBasePrjct.framework; sourceTree = BUILT_PRODUCTS_DIR; };
/* End PBXFileReference section */

/* Begin PBXFrameworksBuildPhase section */
		9CC394812C2E93E300B6E0E1 /* Frameworks */ = {
			isa = PBXFrameworksBuildPhase;
			buildActionMask = 2147483647;
			files = (
				DEA5626B8B15B5C6AF3A54C6 /* Pods_SampleFireBasePrjct.framework in Frameworks */,
			);
			runOnlyForDeploymentPostprocessing = 0;
		};
/* End PBXFrameworksBuildPhase section */

/* Begin PBXGroup section */
		3F7DD84ADECA06A934561123 /* Frameworks */ = {
			isa = PBXGroup;
			children = (
				C4086822E30443EDD90C2692 /* Pods_SampleFireBasePrjct.framework */,
			);
			name = Frameworks;
			sourceTree = "<group>";
		};
		9CC3947B2C2E93E300B6E0E1 = {
			isa = PBXGroup;
			children = (
				9CC394862C2E93E300B6E0E1 /* SampleFireBasePrjct */,
				9CC394852C2E93E300B6E0E1 /* Products */,
				D3D3DBE63E1F6A29A7F5E1D2 /* Pods */,
				3F7DD84ADECA06A934561123 /* Frameworks */,
			);
			sourceTree = "<group>";
		};
		9CC394852C2E93E300B6E0E1 /* Products */ = {
			isa = PBXGroup;
			children = (
				9CC394842C2E93E300B6E0E1 /* SampleFireBasePrjct.app */,
			);
			name = Products;
			sourceTree = "<group>";
		};
		9CC394862C2E93E300B6E0E1 /* SampleFireBasePrjct */ = {
			isa = PBXGroup;
			children = (
				9CC394872C2E93E300B6E0E1 /* AppDelegate.swift */,
				9CC394892C2E93E300B6E0E1 /* SceneDelegate.swift */,
				9CC3948B2C2E93E300B6E0E1 /* ViewController.swift */,
				9CC3948D2C2E93E300B6E0E1 /* Main.storyboard */,
				9CC3949B2C2E94CF00B6E0E1 /* GoogleService-Info.plist */,
				9CC394902C2E93E500B6E0E1 /* Assets.xcassets */,
				9CC394922C2E93E500B6E0E1 /* LaunchScreen.storyboard */,
				9CC394952C2E93E500B6E0E1 /* Info.plist */,
			);
			path = SampleFireBasePrjct;
			sourceTree = "<group>";
		};
		D3D3DBE63E1F6A29A7F5E1D2 /* Pods */ = {
			isa = PBXGroup;
			children = (
				656ED2080DC1E77C1BAFCA91 /* Pods-SampleFireBasePrjct.debug.xcconfig */,
				7B4767B574ADF5A3CF89BA1F /* Pods-SampleFireBasePrjct.release.xcconfig */,
			);
			path = Pods;
			sourceTree = "<group>";
		};
/* End PBXGroup section */

/* Begin PBXNativeTarget section */
		9CC394832C2E93E300B6E0E1 /* SampleFireBasePrjct */ = {
			isa = PBXNativeTarget;
			buildConfigurationList = 9CC394982C2E93E500B6E0E1 /* Build configuration list for PBXNativeTarget "SampleFireBasePrjct" */;
			buildPhases = (
				E697134D1584ADF7106E11E6 /* [CP] Check Pods Manifest.lock */,
				9CC394802C2E93E300B6E0E1 /* Sources */,
				9CC394812C2E93E300B6E0E1 /* Frameworks */,
				9CC394822C2E93E300B6E0E1 /* Resources */,
				F7D8B79D56F0984A28A63995 /* [CP] Embed Pods Frameworks */,
				9CC3949D2C2E97EB00B6E0E1 /* ShellScript */,
			);
			buildRules = (
			);
			dependencies = (
			);
			name = SampleFireBasePrjct;
			productName = SampleFireBasePrjct;
			productReference = 9CC394842C2E93E300B6E0E1 /* SampleFireBasePrjct.app */;
			productType = "com.apple.product-type.application";
		};
/* End PBXNativeTarget section */

/* Begin PBXProject section */
		9CC3947C2C2E93E300B6E0E1 /* Project object */ = {
			isa = PBXProject;
			attributes = {
				BuildIndependentTargetsInParallel = 1;
				LastSwiftUpdateCheck = 1520;
				LastUpgradeCheck = 1520;
				TargetAttributes = {
					9CC394832C2E93E300B6E0E1 = {
						CreatedOnToolsVersion = 15.2;
					};
				};
			};
			buildConfigurationList = 9CC3947F2C2E93E300B6E0E1 /* Build configuration list for PBXProject "SampleFireBasePrjct" */;
			compatibilityVersion = "Xcode 14.0";
			developmentRegion = en;
			hasScannedForEncodings = 0;
			knownRegions = (
				en,
				Base,
			);
			mainGroup = 9CC3947B2C2E93E300B6E0E1;
			productRefGroup = 9CC394852C2E93E300B6E0E1 /* Products */;
			projectDirPath = "";
			projectRoot = "";
			targets = (
				9CC394832C2E93E300B6E0E1 /* SampleFireBasePrjct */,
			);
		};
/* End PBXProject section */

/* Begin PBXResourcesBuildPhase section */
		9CC394822C2E93E300B6E0E1 /* Resources */ = {
			isa = PBXResourcesBuildPhase;
			buildActionMask = 2147483647;
			files = (
				9CC394942C2E93E500B6E0E1 /* LaunchScreen.storyboard in Resources */,
				9CC3949C2C2E94CF00B6E0E1 /* GoogleService-Info.plist in Resources */,
				9CC394912C2E93E500B6E0E1 /* Assets.xcassets in Resources */,
				9CC3948F2C2E93E300B6E0E1 /* Main.storyboard in Resources */,
			);
			runOnlyForDeploymentPostprocessing = 0;
		};
/* End PBXResourcesBuildPhase section */

/* Begin PBXShellScriptBuildPhase section */
		9CC3949D2C2E97EB00B6E0E1 /* ShellScript */ = {
			isa = PBXShellScriptBuildPhase;
			buildActionMask = 2147483647;
			files = (
			);
			inputFileListPaths = (
			);
			inputPaths = (
				"${DWARF_DSYM_FOLDER_PATH}/${DWARF_DSYM_FILE_NAME}",
				"${DWARF_DSYM_FOLDER_PATH}/${DWARF_DSYM_FILE_NAME}/Contents/Resources/DWARF/${PRODUCT_NAME}",
				"${DWARF_DSYM_FOLDER_PATH}/${DWARF_DSYM_FILE_NAME}/Contents/Info.plist",
				"$(TARGET_BUILD_DIR)/$(UNLOCALIZED_RESOURCES_FOLDER_PATH)/GoogleService-Info.plist",
				"$(TARGET_BUILD_DIR)/$(EXECUTABLE_PATH)",
			);
			outputFileListPaths = (
			);
			outputPaths = (
			);
			runOnlyForDeploymentPostprocessing = 0;
			shellPath = /bin/sh;
			shellScript = "\"${PODS_ROOT}/FirebaseCrashlytics/run\"\n";
		};
		E697134D1584ADF7106E11E6 /* [CP] Check Pods Manifest.lock */ = {
			isa = PBXShellScriptBuildPhase;
			buildActionMask = 2147483647;
			files = (
			);
			inputFileListPaths = (
			);
			inputPaths = (
				"${PODS_PODFILE_DIR_PATH}/Podfile.lock",
				"${PODS_ROOT}/Manifest.lock",
			);
			name = "[CP] Check Pods Manifest.lock";
			outputFileListPaths = (
			);
			outputPaths = (
				"$(DERIVED_FILE_DIR)/Pods-SampleFireBasePrjct-checkManifestLockResult.txt",
			);
			runOnlyForDeploymentPostprocessing = 0;
			shellPath = /bin/sh;
			shellScript = "diff \"${PODS_PODFILE_DIR_PATH}/Podfile.lock\" \"${PODS_ROOT}/Manifest.lock\" > /dev/null\nif [ $? != 0 ] ; then\n    # print error to STDERR\n    echo \"error: The sandbox is not in sync with the Podfile.lock. Run 'pod install' or update your CocoaPods installation.\" >&2\n    exit 1\nfi\n# This output is used by Xcode 'outputs' to avoid re-running this script phase.\necho \"SUCCESS\" > \"${SCRIPT_OUTPUT_FILE_0}\"\n";
			showEnvVarsInLog = 0;
		};
		F7D8B79D56F0984A28A63995 /* [CP] Embed Pods Frameworks */ = {
			isa = PBXShellScriptBuildPhase;
			buildActionMask = 2147483647;
			files = (
			);
			inputFileListPaths = (
				"${PODS_ROOT}/Target Support Files/Pods-SampleFireBasePrjct/Pods-SampleFireBasePrjct-frameworks-${CONFIGURATION}-input-files.xcfilelist",
			);
			name = "[CP] Embed Pods Frameworks";
			outputFileListPaths = (
				"${PODS_ROOT}/Target Support Files/Pods-SampleFireBasePrjct/Pods-SampleFireBasePrjct-frameworks-${CONFIGURATION}-output-files.xcfilelist",
			);
			runOnlyForDeploymentPostprocessing = 0;
			shellPath = /bin/sh;
			shellScript = "\"${PODS_ROOT}/Target Support Files/Pods-SampleFireBasePrjct/Pods-SampleFireBasePrjct-frameworks.sh\"\n";
			showEnvVarsInLog = 0;
		};
/* End PBXShellScriptBuildPhase section */

/* Begin PBXSourcesBuildPhase section */
		9CC394802C2E93E300B6E0E1 /* Sources */ = {
			isa = PBXSourcesBuildPhase;
			buildActionMask = 2147483647;
			files = (
				9CC3948C2C2E93E300B6E0E1 /* ViewController.swift in Sources */,
				9CC394882C2E93E300B6E0E1 /* AppDelegate.swift in Sources */,
				9CC3948A2C2E93E300B6E0E1 /* SceneDelegate.swift in Sources */,
			);
			runOnlyForDeploymentPostprocessing = 0;
		};
/* End PBXSourcesBuildPhase section */

/* Begin PBXVariantGroup section */
		9CC3948D2C2E93E300B6E0E1 /* Main.storyboard */ = {
			isa = PBXVariantGroup;
			children = (
				9CC3948E2C2E93E300B6E0E1 /* Base */,
			);
			name = Main.storyboard;
			sourceTree = "<group>";
		};
		9CC394922C2E93E500B6E0E1 /* LaunchScreen.storyboard */ = {
			isa = PBXVariantGroup;
			children = (
				9CC394932C2E93E500B6E0E1 /* Base */,
			);
			name = LaunchScreen.storyboard;
			sourceTree = "<group>";
		};
/* End PBXVariantGroup section */

/* Begin XCBuildConfiguration section */
		9CC394962C2E93E500B6E0E1 /* Debug */ = {
			isa = XCBuildConfiguration;
			buildSettings = {
				ALWAYS_SEARCH_USER_PATHS = NO;
				ASSETCATALOG_COMPILER_GENERATE_SWIFT_ASSET_SYMBOL_EXTENSIONS = YES;
				CLANG_ANALYZER_NONNULL = YES;
				CLANG_ANALYZER_NUMBER_OBJECT_CONVERSION = YES_AGGRESSIVE;
				CLANG_CXX_LANGUAGE_STANDARD = "gnu++20";
				CLANG_ENABLE_MODULES = YES;
				CLANG_ENABLE_OBJC_ARC = YES;
				CLANG_ENABLE_OBJC_WEAK = YES;
				CLANG_WARN_BLOCK_CAPTURE_AUTORELEASING = YES;
				CLANG_WARN_BOOL_CONVERSION = YES;
				CLANG_WARN_COMMA = YES;
				CLANG_WARN_CONSTANT_CONVERSION = YES;
				CLANG_WARN_DEPRECATED_OBJC_IMPLEMENTATIONS = YES;
				CLANG_WARN_DIRECT_OBJC_ISA_USAGE = YES_ERROR;
				CLANG_WARN_DOCUMENTATION_COMMENTS = YES;
				CLANG_WARN_EMPTY_BODY = YES;
				CLANG_WARN_ENUM_CONVERSION = YES;
				CLANG_WARN_INFINITE_RECURSION = YES;
				CLANG_WARN_INT_CONVERSION = YES;
				CLANG_WARN_NON_LITERAL_NULL_CONVERSION = YES;
				CLANG_WARN_OBJC_IMPLICIT_RETAIN_SELF = YES;
				CLANG_WARN_OBJC_LITERAL_CONVERSION = YES;
				CLANG_WARN_OBJC_ROOT_CLASS = YES_ERROR;
				CLANG_WARN_QUOTED_INCLUDE_IN_FRAMEWORK_HEADER = YES;
				CLANG_WARN_RANGE_LOOP_ANALYSIS = YES;
				CLANG_WARN_STRICT_PROTOTYPES = YES;
				CLANG_WARN_SUSPICIOUS_MOVE = YES;
				CLANG_WARN_UNGUARDED_AVAILABILITY = YES_AGGRESSIVE;
				CLANG_WARN_UNREACHABLE_CODE = YES;
				CLANG_WARN__DUPLICATE_METHOD_MATCH = YES;
				COPY_PHASE_STRIP = NO;
				DEBUG_INFORMATION_FORMAT = dwarf;
				ENABLE_STRICT_OBJC_MSGSEND = YES;
				ENABLE_TESTABILITY = YES;
				ENABLE_USER_SCRIPT_SANDBOXING = YES;
				GCC_C_LANGUAGE_STANDARD = gnu17;
				GCC_DYNAMIC_NO_PIC = NO;
				GCC_NO_COMMON_BLOCKS = YES;
				GCC_OPTIMIZATION_LEVEL = 0;
				GCC_PREPROCESSOR_DEFINITIONS = (
					"DEBUG=1",
					"$(inherited)",
				);
				GCC_WARN_64_TO_32_BIT_CONVERSION = YES;
				GCC_WARN_ABOUT_RETURN_TYPE = YES_ERROR;
				GCC_WARN_UNDECLARED_SELECTOR = YES;
				GCC_WARN_UNINITIALIZED_AUTOS = YES_AGGRESSIVE;
				GCC_WARN_UNUSED_FUNCTION = YES;
				GCC_WARN_UNUSED_VARIABLE = YES;
				IPHONEOS_DEPLOYMENT_TARGET = 17.2;
				LOCALIZATION_PREFERS_STRING_CATALOGS = YES;
				MTL_ENABLE_DEBUG_INFO = INCLUDE_SOURCE;
				MTL_FAST_MATH = YES;
				ONLY_ACTIVE_ARCH = YES;
				SDKROOT = iphoneos;
				SWIFT_ACTIVE_COMPILATION_CONDITIONS = "DEBUG $(inherited)";
				SWIFT_OPTIMIZATION_LEVEL = "-Onone";
			};
			name = Debug;
		};
		9CC394972C2E93E500B6E0E1 /* Release */ = {
			isa = XCBuildConfiguration;
			buildSettings = {
				ALWAYS_SEARCH_USER_PATHS = NO;
				ASSETCATALOG_COMPILER_GENERATE_SWIFT_ASSET_SYMBOL_EXTENSIONS = YES;
				CLANG_ANALYZER_NONNULL = YES;
				CLANG_ANALYZER_NUMBER_OBJECT_CONVERSION = YES_AGGRESSIVE;
				CLANG_CXX_LANGUAGE_STANDARD = "gnu++20";
				CLANG_ENABLE_MODULES = YES;
				CLANG_ENABLE_OBJC_ARC = YES;
				CLANG_ENABLE_OBJC_WEAK = YES;
				CLANG_WARN_BLOCK_CAPTURE_AUTORELEASING = YES;
				CLANG_WARN_BOOL_CONVERSION = YES;
				CLANG_WARN_COMMA = YES;
				CLANG_WARN_CONSTANT_CONVERSION = YES;
				CLANG_WARN_DEPRECATED_OBJC_IMPLEMENTATIONS = YES;
				CLANG_WARN_DIRECT_OBJC_ISA_USAGE = YES_ERROR;
				CLANG_WARN_DOCUMENTATION_COMMENTS = YES;
				CLANG_WARN_EMPTY_BODY = YES;
				CLANG_WARN_ENUM_CONVERSION = YES;
				CLANG_WARN_INFINITE_RECURSION = YES;
				CLANG_WARN_INT_CONVERSION = YES;
				CLANG_WARN_NON_LITERAL_NULL_CONVERSION = YES;
				CLANG_WARN_OBJC_IMPLICIT_RETAIN_SELF = YES;
				CLANG_WARN_OBJC_LITERAL_CONVERSION = YES;
				CLANG_WARN_OBJC_ROOT_CLASS = YES_ERROR;
				CLANG_WARN_QUOTED_INCLUDE_IN_FRAMEWORK_HEADER = YES;
				CLANG_WARN_RANGE_LOOP_ANALYSIS = YES;
				CLANG_WARN_STRICT_PROTOTYPES = YES;
				CLANG_WARN_SUSPICIOUS_MOVE = YES;
				CLANG_WARN_UNGUARDED_AVAILABILITY = YES_AGGRESSIVE;
				CLANG_WARN_UNREACHABLE_CODE = YES;
				CLANG_WARN__DUPLICATE_METHOD_MATCH = YES;
				COPY_PHASE_STRIP = NO;
				DEBUG_INFORMATION_FORMAT = "dwarf-with-dsym";
				ENABLE_NS_ASSERTIONS = NO;
				ENABLE_STRICT_OBJC_MSGSEND = YES;
				ENABLE_USER_SCRIPT_SANDBOXING = YES;
				GCC_C_LANGUAGE_STANDARD = gnu17;
				GCC_NO_COMMON_BLOCKS = YES;
				GCC_WARN_64_TO_32_BIT_CONVERSION = YES;
				GCC_WARN_ABOUT_RETURN_TYPE = YES_ERROR;
				GCC_WARN_UNDECLARED_SELECTOR = YES;
				GCC_WARN_UNINITIALIZED_AUTOS = YES_AGGRESSIVE;
				GCC_WARN_UNUSED_FUNCTION = YES;
				GCC_WARN_UNUSED_VARIABLE = YES;
				IPHONEOS_DEPLOYMENT_TARGET = 17.2;
				LOCALIZATION_PREFERS_STRING_CATALOGS = YES;
				MTL_ENABLE_DEBUG_INFO = NO;
				MTL_FAST_MATH = YES;
				SDKROOT = iphoneos;
				SWIFT_COMPILATION_MODE = wholemodule;
				VALIDATE_PRODUCT = YES;
			};
			name = Release;
		};
		9CC394992C2E93E500B6E0E1 /* Debug */ = {
			isa = XCBuildConfiguration;
			baseConfigurationReference = 656ED2080DC1E77C1BAFCA91 /* Pods-SampleFireBasePrjct.debug.xcconfig */;
			buildSettings = {
				ASSETCATALOG_COMPILER_APPICON_NAME = AppIcon;
				ASSETCATALOG_COMPILER_GLOBAL_ACCENT_COLOR_NAME = AccentColor;
				CODE_SIGN_STYLE = Automatic;
				CURRENT_PROJECT_VERSION = 1;
				DEBUG_INFORMATION_FORMAT = "dwarf-with-dsym";
				DEVELOPMENT_TEAM = P6G9878DL2;
				ENABLE_USER_SCRIPT_SANDBOXING = NO;
				GENERATE_INFOPLIST_FILE = YES;
				INFOPLIST_FILE = SampleFireBasePrjct/Info.plist;
				INFOPLIST_KEY_UIApplicationSupportsIndirectInputEvents = YES;
				INFOPLIST_KEY_UILaunchStoryboardName = LaunchScreen;
				INFOPLIST_KEY_UIMainStoryboardFile = Main;
				INFOPLIST_KEY_UISupportedInterfaceOrientations_iPad = "UIInterfaceOrientationPortrait UIInterfaceOrientationPortraitUpsideDown UIInterfaceOrientationLandscapeLeft UIInterfaceOrientationLandscapeRight";
				INFOPLIST_KEY_UISupportedInterfaceOrientations_iPhone = "UIInterfaceOrientationPortrait UIInterfaceOrientationLandscapeLeft UIInterfaceOrientationLandscapeRight";
				LD_RUNPATH_SEARCH_PATHS = (
					"$(inherited)",
					"@executable_path/Frameworks",
				);
				MARKETING_VERSION = 1.0;
				PRODUCT_BUNDLE_IDENTIFIER = com.fortunesoft.SampleFireBasePrjct;
				PRODUCT_NAME = "$(TARGET_NAME)";
				SWIFT_EMIT_LOC_STRINGS = YES;
				SWIFT_VERSION = 5.0;
				TARGETED_DEVICE_FAMILY = "1,2";
			};
			name = Debug;
		};
		9CC3949A2C2E93E500B6E0E1 /* Release */ = {
			isa = XCBuildConfiguration;
			baseConfigurationReference = 7B4767B574ADF5A3CF89BA1F /* Pods-SampleFireBasePrjct.release.xcconfig */;
			buildSettings = {
				ASSETCATALOG_COMPILER_APPICON_NAME = AppIcon;
				ASSETCATALOG_COMPILER_GLOBAL_ACCENT_COLOR_NAME = AccentColor;
				CODE_SIGN_STYLE = Automatic;
				CURRENT_PROJECT_VERSION = 1;
				DEVELOPMENT_TEAM = P6G9878DL2;
				ENABLE_USER_SCRIPT_SANDBOXING = NO;
				GENERATE_INFOPLIST_FILE = YES;
				INFOPLIST_FILE = SampleFireBasePrjct/Info.plist;
				INFOPLIST_KEY_UIApplicationSupportsIndirectInputEvents = YES;
				INFOPLIST_KEY_UILaunchStoryboardName = LaunchScreen;
				INFOPLIST_KEY_UIMainStoryboardFile = Main;
				INFOPLIST_KEY_UISupportedInterfaceOrientations_iPad = "UIInterfaceOrientationPortrait UIInterfaceOrientationPortraitUpsideDown UIInterfaceOrientationLandscapeLeft UIInterfaceOrientationLandscapeRight";
				INFOPLIST_KEY_UISupportedInterfaceOrientations_iPhone = "UIInterfaceOrientationPortrait UIInterfaceOrientationLandscapeLeft UIInterfaceOrientationLandscapeRight";
				LD_RUNPATH_SEARCH_PATHS = (
					"$(inherited)",
					"@executable_path/Frameworks",
				);
				MARKETING_VERSION = 1.0;
				PRODUCT_BUNDLE_IDENTIFIER = com.fortunesoft.SampleFireBasePrjct;
				PRODUCT_NAME = "$(TARGET_NAME)";
				SWIFT_EMIT_LOC_STRINGS = YES;
				SWIFT_VERSION = 5.0;
				TARGETED_DEVICE_FAMILY = "1,2";
			};
			name = Release;
		};
/* End XCBuildConfiguration section */

/* Begin XCConfigurationList section */
		9CC3947F2C2E93E300B6E0E1 /* Build configuration list for PBXProject "SampleFireBasePrjct" */ = {
			isa = XCConfigurationList;
			buildConfigurations = (
				9CC394962C2E93E500B6E0E1 /* Debug */,
				9CC394972C2E93E500B6E0E1 /* Release */,
			);
			defaultConfigurationIsVisible = 0;
			defaultConfigurationName = Release;
		};
		9CC394982C2E93E500B6E0E1 /* Build configuration list for PBXNativeTarget "SampleFireBasePrjct" */ = {
			isa = XCConfigurationList;
			buildConfigurations = (
				9CC394992C2E93E500B6E0E1 /* Debug */,
				9CC3949A2C2E93E500B6E0E1 /* Release */,
			);
			defaultConfigurationIsVisible = 0;
			defaultConfigurationName = Release;
		};
/* End XCConfigurationList section */
	};
	rootObject = 9CC3947C2C2E93E300B6E0E1 /* Project object */;
}
